// !$*UTF8*$!
{
	archiveVersion = 1;
	classes = {
	};
	objectVersion = 46;
	objects = {

/* Begin PBXBuildFile section */
		E449C1381BA003F700C3641D /* ThousandsTests.m in Sources */ = {isa = PBXBuildFile; fileRef = E449C1371BA003F700C3641D /* ThousandsTests.m */; };
		E4679F3B1BA0113300E35132 /* AppDelegate.m in Sources */ = {isa = PBXBuildFile; fileRef = E4679F271BA0113300E35132 /* AppDelegate.m */; };
		E4679F3C1BA0113300E35132 /* ShowsTableViewCell.m in Sources */ = {isa = PBXBuildFile; fileRef = E4679F2C1BA0113300E35132 /* ShowsTableViewCell.m */; };
		E4679F3D1BA0113300E35132 /* ShowsTableViewController.m in Sources */ = {isa = PBXBuildFile; fileRef = E4679F2F1BA0113300E35132 /* ShowsTableViewController.m */; };
		E4679F3E1BA0113300E35132 /* ShowsTableViewCell.xib in Resources */ = {isa = PBXBuildFile; fileRef = E4679F341BA0113300E35132 /* ShowsTableViewCell.xib */; };
		E4679F3F1BA0113300E35132 /* ShowsTableViewController.xib in Resources */ = {isa = PBXBuildFile; fileRef = E4679F351BA0113300E35132 /* ShowsTableViewController.xib */; };
		E4679F401BA0113300E35132 /* Images.xcassets in Resources */ = {isa = PBXBuildFile; fileRef = E4679F371BA0113300E35132 /* Images.xcassets */; };
		E4679F421BA0113300E35132 /* main.m in Sources */ = {isa = PBXBuildFile; fileRef = E4679F3A1BA0113300E35132 /* main.m */; };
		E499D0F71BA7BC3100719400 /* SDBrowserImageView.m in Sources */ = {isa = PBXBuildFile; fileRef = E499D0C71BA7BC3100719400 /* SDBrowserImageView.m */; };
		E499D0F81BA7BC3100719400 /* SDPhotoBrowser.m in Sources */ = {isa = PBXBuildFile; fileRef = E499D0C91BA7BC3100719400 /* SDPhotoBrowser.m */; };
		E499D0F91BA7BC3100719400 /* SDWaitingView.m in Sources */ = {isa = PBXBuildFile; fileRef = E499D0CC1BA7BC3100719400 /* SDWaitingView.m */; };
		E499D0FA1BA7BC3100719400 /* SDPhotoGroup.m in Sources */ = {isa = PBXBuildFile; fileRef = E499D0CE1BA7BC3100719400 /* SDPhotoGroup.m */; };
		E499D0FB1BA7BC3100719400 /* SDPhotoItem.m in Sources */ = {isa = PBXBuildFile; fileRef = E499D0D01BA7BC3100719400 /* SDPhotoItem.m */; };
		E499D0FC1BA7BC3100719400 /* SDTableViewController.m in Sources */ = {isa = PBXBuildFile; fileRef = E499D0D21BA7BC3100719400 /* SDTableViewController.m */; };
		E499D0FD1BA7BC3100719400 /* MKAnnotationView+WebCache.m in Sources */ = {isa = PBXBuildFile; fileRef = E499D0D51BA7BC3100719400 /* MKAnnotationView+WebCache.m */; };
		E499D0FE1BA7BC3100719400 /* NSData+ImageContentType.m in Sources */ = {isa = PBXBuildFile; fileRef = E499D0D71BA7BC3100719400 /* NSData+ImageContentType.m */; };
		E499D0FF1BA7BC3100719400 /* SDImageCache.m in Sources */ = {isa = PBXBuildFile; fileRef = E499D0D91BA7BC3100719400 /* SDImageCache.m */; };
		E499D1001BA7BC3100719400 /* SDWebImageCompat.m in Sources */ = {isa = PBXBuildFile; fileRef = E499D0DB1BA7BC3100719400 /* SDWebImageCompat.m */; };
		E499D1011BA7BC3100719400 /* SDWebImageDecoder.m in Sources */ = {isa = PBXBuildFile; fileRef = E499D0DD1BA7BC3100719400 /* SDWebImageDecoder.m */; };
		E499D1021BA7BC3100719400 /* SDWebImageDownloader.m in Sources */ = {isa = PBXBuildFile; fileRef = E499D0DF1BA7BC3100719400 /* SDWebImageDownloader.m */; };
		E499D1031BA7BC3100719400 /* SDWebImageDownloaderOperation.m in Sources */ = {isa = PBXBuildFile; fileRef = E499D0E11BA7BC3100719400 /* SDWebImageDownloaderOperation.m */; };
		E499D1041BA7BC3100719400 /* SDWebImageManager.m in Sources */ = {isa = PBXBuildFile; fileRef = E499D0E31BA7BC3100719400 /* SDWebImageManager.m */; };
		E499D1051BA7BC3100719400 /* SDWebImagePrefetcher.m in Sources */ = {isa = PBXBuildFile; fileRef = E499D0E61BA7BC3100719400 /* SDWebImagePrefetcher.m */; };
		E499D1061BA7BC3100719400 /* UIButton+WebCache.m in Sources */ = {isa = PBXBuildFile; fileRef = E499D0E81BA7BC3100719400 /* UIButton+WebCache.m */; };
		E499D1071BA7BC3100719400 /* UIImage+GIF.m in Sources */ = {isa = PBXBuildFile; fileRef = E499D0EA1BA7BC3100719400 /* UIImage+GIF.m */; };
		E499D1081BA7BC3100719400 /* UIImage+MultiFormat.m in Sources */ = {isa = PBXBuildFile; fileRef = E499D0EC1BA7BC3100719400 /* UIImage+MultiFormat.m */; };
		E499D1091BA7BC3100719400 /* UIImage+WebP.m in Sources */ = {isa = PBXBuildFile; fileRef = E499D0EE1BA7BC3100719400 /* UIImage+WebP.m */; };
		E499D10A1BA7BC3100719400 /* UIImageView+HighlightedWebCache.m in Sources */ = {isa = PBXBuildFile; fileRef = E499D0F01BA7BC3100719400 /* UIImageView+HighlightedWebCache.m */; };
		E499D10B1BA7BC3100719400 /* UIImageView+WebCache.m in Sources */ = {isa = PBXBuildFile; fileRef = E499D0F21BA7BC3100719400 /* UIImageView+WebCache.m */; };
		E499D10C1BA7BC3100719400 /* UIView+WebCacheOperation.m in Sources */ = {isa = PBXBuildFile; fileRef = E499D0F41BA7BC3100719400 /* UIView+WebCacheOperation.m */; };
/* End PBXBuildFile section */

/* Begin PBXContainerItemProxy section */
		E449C1321BA003F700C3641D /* PBXContainerItemProxy */ = {
			isa = PBXContainerItemProxy;
			containerPortal = E449C1101BA003F700C3641D /* Project object */;
			proxyType = 1;
			remoteGlobalIDString = E449C1171BA003F700C3641D;
			remoteInfo = Thousands;
		};
/* End PBXContainerItemProxy section */

/* Begin PBXFileReference section */
		E449C1181BA003F700C3641D /* Thousands.app */ = {isa = PBXFileReference; explicitFileType = wrapper.application; includeInIndex = 0; path = Thousands.app; sourceTree = BUILT_PRODUCTS_DIR; };
		E449C1311BA003F700C3641D /* ThousandsTests.xctest */ = {isa = PBXFileReference; explicitFileType = wrapper.cfbundle; includeInIndex = 0; path = ThousandsTests.xctest; sourceTree = BUILT_PRODUCTS_DIR; };
		E449C1361BA003F700C3641D /* Info.plist */ = {isa = PBXFileReference; lastKnownFileType = text.plist.xml; path = Info.plist; sourceTree = "<group>"; };
		E449C1371BA003F700C3641D /* ThousandsTests.m */ = {isa = PBXFileReference; lastKnownFileType = sourcecode.c.objc; path = ThousandsTests.m; sourceTree = "<group>"; };
		E4679F261BA0113300E35132 /* AppDelegate.h */ = {isa = PBXFileReference; fileEncoding = 4; lastKnownFileType = sourcecode.c.h; path = AppDelegate.h; sourceTree = "<group>"; };
		E4679F271BA0113300E35132 /* AppDelegate.m */ = {isa = PBXFileReference; fileEncoding = 4; lastKnownFileType = sourcecode.c.objc; path = AppDelegate.m; sourceTree = "<group>"; };
		E4679F2B1BA0113300E35132 /* ShowsTableViewCell.h */ = {isa = PBXFileReference; fileEncoding = 4; lastKnownFileType = sourcecode.c.h; path = ShowsTableViewCell.h; sourceTree = "<group>"; };
		E4679F2C1BA0113300E35132 /* ShowsTableViewCell.m */ = {isa = PBXFileReference; fileEncoding = 4; lastKnownFileType = sourcecode.c.objc; path = ShowsTableViewCell.m; sourceTree = "<group>"; };
		E4679F2E1BA0113300E35132 /* ShowsTableViewController.h */ = {isa = PBXFileReference; fileEncoding = 4; lastKnownFileType = sourcecode.c.h; path = ShowsTableViewController.h; sourceTree = "<group>"; };
		E4679F2F1BA0113300E35132 /* ShowsTableViewController.m */ = {isa = PBXFileReference; fileEncoding = 4; lastKnownFileType = sourcecode.c.objc; path = ShowsTableViewController.m; sourceTree = "<group>"; };
		E4679F341BA0113300E35132 /* ShowsTableViewCell.xib */ = {isa = PBXFileReference; fileEncoding = 4; lastKnownFileType = file.xib; path = ShowsTableViewCell.xib; sourceTree = "<group>"; };
		E4679F351BA0113300E35132 /* ShowsTableViewController.xib */ = {isa = PBXFileReference; fileEncoding = 4; lastKnownFileType = file.xib; path = ShowsTableViewController.xib; sourceTree = "<group>"; };
		E4679F371BA0113300E35132 /* Images.xcassets */ = {isa = PBXFileReference; lastKnownFileType = folder.assetcatalog; path = Images.xcassets; sourceTree = "<group>"; };
		E4679F391BA0113300E35132 /* Info.plist */ = {isa = PBXFileReference; fileEncoding = 4; lastKnownFileType = text.plist.xml; path = Info.plist; sourceTree = "<group>"; };
		E4679F3A1BA0113300E35132 /* main.m */ = {isa = PBXFileReference; fileEncoding = 4; lastKnownFileType = sourcecode.c.objc; path = main.m; sourceTree = "<group>"; };
		E499D0C61BA7BC3100719400 /* SDBrowserImageView.h */ = {isa = PBXFileReference; fileEncoding = 4; lastKnownFileType = sourcecode.c.h; path = SDBrowserImageView.h; sourceTree = "<group>"; };
		E499D0C71BA7BC3100719400 /* SDBrowserImageView.m */ = {isa = PBXFileReference; fileEncoding = 4; lastKnownFileType = sourcecode.c.objc; path = SDBrowserImageView.m; sourceTree = "<group>"; };
		E499D0C81BA7BC3100719400 /* SDPhotoBrowser.h */ = {isa = PBXFileReference; fileEncoding = 4; lastKnownFileType = sourcecode.c.h; name = SDPhotoBrowser.h; path = SDPhotoBrowser/SDPhotoBrowser.h; sourceTree = "<group>"; };
		E499D0C91BA7BC3100719400 /* SDPhotoBrowser.m */ = {isa = PBXFileReference; fileEncoding = 4; lastKnownFileType = sourcecode.c.objc; name = SDPhotoBrowser.m; path = SDPhotoBrowser/SDPhotoBrowser.m; sourceTree = "<group>"; };
		E499D0CA1BA7BC3100719400 /* SDPhotoBrowserConfig.h */ = {isa = PBXFileReference; fileEncoding = 4; lastKnownFileType = sourcecode.c.h; name = SDPhotoBrowserConfig.h; path = SDPhotoBrowser/SDPhotoBrowserConfig.h; sourceTree = "<group>"; };
		E499D0CB1BA7BC3100719400 /* SDWaitingView.h */ = {isa = PBXFileReference; fileEncoding = 4; lastKnownFileType = sourcecode.c.h; name = SDWaitingView.h; path = SDPhotoBrowser/SDWaitingView.h; sourceTree = "<group>"; };
		E499D0CC1BA7BC3100719400 /* SDWaitingView.m */ = {isa = PBXFileReference; fileEncoding = 4; lastKnownFileType = sourcecode.c.objc; name = SDWaitingView.m; path = SDPhotoBrowser/SDWaitingView.m; sourceTree = "<group>"; };
		E499D0CD1BA7BC3100719400 /* SDPhotoGroup.h */ = {isa = PBXFileReference; fileEncoding = 4; lastKnownFileType = sourcecode.c.h; name = SDPhotoGroup.h; path = ../Views/SDPhotoGroup.h; sourceTree = "<group>"; };
		E499D0CE1BA7BC3100719400 /* SDPhotoGroup.m */ = {isa = PBXFileReference; fileEncoding = 4; lastKnownFileType = sourcecode.c.objc; name = SDPhotoGroup.m; path = ../Views/SDPhotoGroup.m; sourceTree = "<group>"; };
		E499D0CF1BA7BC3100719400 /* SDPhotoItem.h */ = {isa = PBXFileReference; fileEncoding = 4; lastKnownFileType = sourcecode.c.h; path = SDPhotoItem.h; sourceTree = "<group>"; };
		E499D0D01BA7BC3100719400 /* SDPhotoItem.m */ = {isa = PBXFileReference; fileEncoding = 4; lastKnownFileType = sourcecode.c.objc; path = SDPhotoItem.m; sourceTree = "<group>"; };
		E499D0D11BA7BC3100719400 /* SDTableViewController.h */ = {isa = PBXFileReference; fileEncoding = 4; lastKnownFileType = sourcecode.c.h; path = SDTableViewController.h; sourceTree = "<group>"; };
		E499D0D21BA7BC3100719400 /* SDTableViewController.m */ = {isa = PBXFileReference; fileEncoding = 4; lastKnownFileType = sourcecode.c.objc; path = SDTableViewController.m; sourceTree = "<group>"; };
		E499D0D41BA7BC3100719400 /* MKAnnotationView+WebCache.h */ = {isa = PBXFileReference; fileEncoding = 4; lastKnownFileType = sourcecode.c.h; path = "MKAnnotationView+WebCache.h"; sourceTree = "<group>"; };
		E499D0D51BA7BC3100719400 /* MKAnnotationView+WebCache.m */ = {isa = PBXFileReference; fileEncoding = 4; lastKnownFileType = sourcecode.c.objc; path = "MKAnnotationView+WebCache.m"; sourceTree = "<group>"; };
		E499D0D61BA7BC3100719400 /* NSData+ImageContentType.h */ = {isa = PBXFileReference; fileEncoding = 4; lastKnownFileType = sourcecode.c.h; path = "NSData+ImageContentType.h"; sourceTree = "<group>"; };
		E499D0D71BA7BC3100719400 /* NSData+ImageContentType.m */ = {isa = PBXFileReference; fileEncoding = 4; lastKnownFileType = sourcecode.c.objc; path = "NSData+ImageContentType.m"; sourceTree = "<group>"; };
		E499D0D81BA7BC3100719400 /* SDImageCache.h */ = {isa = PBXFileReference; fileEncoding = 4; lastKnownFileType = sourcecode.c.h; path = SDImageCache.h; sourceTree = "<group>"; };
		E499D0D91BA7BC3100719400 /* SDImageCache.m */ = {isa = PBXFileReference; fileEncoding = 4; lastKnownFileType = sourcecode.c.objc; path = SDImageCache.m; sourceTree = "<group>"; };
		E499D0DA1BA7BC3100719400 /* SDWebImageCompat.h */ = {isa = PBXFileReference; fileEncoding = 4; lastKnownFileType = sourcecode.c.h; path = SDWebImageCompat.h; sourceTree = "<group>"; };
		E499D0DB1BA7BC3100719400 /* SDWebImageCompat.m */ = {isa = PBXFileReference; fileEncoding = 4; lastKnownFileType = sourcecode.c.objc; path = SDWebImageCompat.m; sourceTree = "<group>"; };
		E499D0DC1BA7BC3100719400 /* SDWebImageDecoder.h */ = {isa = PBXFileReference; fileEncoding = 4; lastKnownFileType = sourcecode.c.h; path = SDWebImageDecoder.h; sourceTree = "<group>"; };
		E499D0DD1BA7BC3100719400 /* SDWebImageDecoder.m */ = {isa = PBXFileReference; fileEncoding = 4; lastKnownFileType = sourcecode.c.objc; path = SDWebImageDecoder.m; sourceTree = "<group>"; };
		E499D0DE1BA7BC3100719400 /* SDWebImageDownloader.h */ = {isa = PBXFileReference; fileEncoding = 4; lastKnownFileType = sourcecode.c.h; path = SDWebImageDownloader.h; sourceTree = "<group>"; };
		E499D0DF1BA7BC3100719400 /* SDWebImageDownloader.m */ = {isa = PBXFileReference; fileEncoding = 4; lastKnownFileType = sourcecode.c.objc; path = SDWebImageDownloader.m; sourceTree = "<group>"; };
		E499D0E01BA7BC3100719400 /* SDWebImageDownloaderOperation.h */ = {isa = PBXFileReference; fileEncoding = 4; lastKnownFileType = sourcecode.c.h; path = SDWebImageDownloaderOperation.h; sourceTree = "<group>"; };
		E499D0E11BA7BC3100719400 /* SDWebImageDownloaderOperation.m */ = {isa = PBXFileReference; fileEncoding = 4; lastKnownFileType = sourcecode.c.objc; path = SDWebImageDownloaderOperation.m; sourceTree = "<group>"; };
		E499D0E21BA7BC3100719400 /* SDWebImageManager.h */ = {isa = PBXFileReference; fileEncoding = 4; lastKnownFileType = sourcecode.c.h; path = SDWebImageManager.h; sourceTree = "<group>"; };
		E499D0E31BA7BC3100719400 /* SDWebImageManager.m */ = {isa = PBXFileReference; fileEncoding = 4; lastKnownFileType = sourcecode.c.objc; path = SDWebImageManager.m; sourceTree = "<group>"; };
		E499D0E41BA7BC3100719400 /* SDWebImageOperation.h */ = {isa = PBXFileReference; fileEncoding = 4; lastKnownFileType = sourcecode.c.h; path = SDWebImageOperation.h; sourceTree = "<group>"; };
		E499D0E51BA7BC3100719400 /* SDWebImagePrefetcher.h */ = {isa = PBXFileReference; fileEncoding = 4; lastKnownFileType = sourcecode.c.h; path = SDWebImagePrefetcher.h; sourceTree = "<group>"; };
		E499D0E61BA7BC3100719400 /* SDWebImagePrefetcher.m */ = {isa = PBXFileReference; fileEncoding = 4; lastKnownFileType = sourcecode.c.objc; path = SDWebImagePrefetcher.m; sourceTree = "<group>"; };
		E499D0E71BA7BC3100719400 /* UIButton+WebCache.h */ = {isa = PBXFileReference; fileEncoding = 4; lastKnownFileType = sourcecode.c.h; path = "UIButton+WebCache.h"; sourceTree = "<group>"; };
		E499D0E81BA7BC3100719400 /* UIButton+WebCache.m */ = {isa = PBXFileReference; fileEncoding = 4; lastKnownFileType = sourcecode.c.objc; path = "UIButton+WebCache.m"; sourceTree = "<group>"; };
		E499D0E91BA7BC3100719400 /* UIImage+GIF.h */ = {isa = PBXFileReference; fileEncoding = 4; lastKnownFileType = sourcecode.c.h; path = "UIImage+GIF.h"; sourceTree = "<group>"; };
		E499D0EA1BA7BC3100719400 /* UIImage+GIF.m */ = {isa = PBXFileReference; fileEncoding = 4; lastKnownFileType = sourcecode.c.objc; path = "UIImage+GIF.m"; sourceTree = "<group>"; };
		E499D0EB1BA7BC3100719400 /* UIImage+MultiFormat.h */ = {isa = PBXFileReference; fileEncoding = 4; lastKnownFileType = sourcecode.c.h; path = "UIImage+MultiFormat.h"; sourceTree = "<group>"; };
		E499D0EC1BA7BC3100719400 /* UIImage+MultiFormat.m */ = {isa = PBXFileReference; fileEncoding = 4; lastKnownFileType = sourcecode.c.objc; path = "UIImage+MultiFormat.m"; sourceTree = "<group>"; };
		E499D0ED1BA7BC3100719400 /* UIImage+WebP.h */ = {isa = PBXFileReference; fileEncoding = 4; lastKnownFileType = sourcecode.c.h; path = "UIImage+WebP.h"; sourceTree = "<group>"; };
		E499D0EE1BA7BC3100719400 /* UIImage+WebP.m */ = {isa = PBXFileReference; fileEncoding = 4; lastKnownFileType = sourcecode.c.objc; path = "UIImage+WebP.m"; sourceTree = "<group>"; };
		E499D0EF1BA7BC3100719400 /* UIImageView+HighlightedWebCache.h */ = {isa = PBXFileReference; fileEncoding = 4; lastKnownFileType = sourcecode.c.h; path = "UIImageView+HighlightedWebCache.h"; sourceTree = "<group>"; };
		E499D0F01BA7BC3100719400 /* UIImageView+HighlightedWebCache.m */ = {isa = PBXFileReference; fileEncoding = 4; lastKnownFileType = sourcecode.c.objc; path = "UIImageView+HighlightedWebCache.m"; sourceTree = "<group>"; };
		E499D0F11BA7BC3100719400 /* UIImageView+WebCache.h */ = {isa = PBXFileReference; fileEncoding = 4; lastKnownFileType = sourcecode.c.h; path = "UIImageView+WebCache.h"; sourceTree = "<group>"; };
		E499D0F21BA7BC3100719400 /* UIImageView+WebCache.m */ = {isa = PBXFileReference; fileEncoding = 4; lastKnownFileType = sourcecode.c.objc; path = "UIImageView+WebCache.m"; sourceTree = "<group>"; };
		E499D0F31BA7BC3100719400 /* UIView+WebCacheOperation.h */ = {isa = PBXFileReference; fileEncoding = 4; lastKnownFileType = sourcecode.c.h; path = "UIView+WebCacheOperation.h"; sourceTree = "<group>"; };
		E499D0F41BA7BC3100719400 /* UIView+WebCacheOperation.m */ = {isa = PBXFileReference; fileEncoding = 4; lastKnownFileType = sourcecode.c.objc; path = "UIView+WebCacheOperation.m"; sourceTree = "<group>"; };
/* End PBXFileReference section */

/* Begin PBXFrameworksBuildPhase section */
		E449C1151BA003F700C3641D /* Frameworks */ = {
			isa = PBXFrameworksBuildPhase;
			buildActionMask = 2147483647;
			files = (
			);
			runOnlyForDeploymentPostprocessing = 0;
		};
		E449C12E1BA003F700C3641D /* Frameworks */ = {
			isa = PBXFrameworksBuildPhase;
			buildActionMask = 2147483647;
			files = (
			);
			runOnlyForDeploymentPostprocessing = 0;
		};
/* End PBXFrameworksBuildPhase section */

/* Begin PBXGroup section */
		E42094B61BB0626400E13F96 /* SDPhoto */ = {
			isa = PBXGroup;
			children = (
				E499D0CF1BA7BC3100719400 /* SDPhotoItem.h */,
				E499D0D01BA7BC3100719400 /* SDPhotoItem.m */,
				E4A5A6471BA7CD230008000F /* SDPhotoGroup */,
				E499D0D31BA7BC3100719400 /* SDWebImage */,
				E499D0C51BA7BC3100719400 /* SDPhotoBrowser */,
			);
			name = SDPhoto;
			sourceTree = "<group>";
		};
		E449C10F1BA003F700C3641D = {
			isa = PBXGroup;
			children = (
				E4679F231BA0113300E35132 /* Thousands */,
				E449C1341BA003F700C3641D /* ThousandsTests */,
				E449C1191BA003F700C3641D /* Products */,
			);
			sourceTree = "<group>";
		};
		E449C1191BA003F700C3641D /* Products */ = {
			isa = PBXGroup;
			children = (
				E449C1181BA003F700C3641D /* Thousands.app */,
				E449C1311BA003F700C3641D /* ThousandsTests.xctest */,
			);
			name = Products;
			sourceTree = "<group>";
		};
		E449C1341BA003F700C3641D /* ThousandsTests */ = {
			isa = PBXGroup;
			children = (
				E449C1371BA003F700C3641D /* ThousandsTests.m */,
				E449C1351BA003F700C3641D /* Supporting Files */,
			);
			path = ThousandsTests;
			sourceTree = "<group>";
		};
		E449C1351BA003F700C3641D /* Supporting Files */ = {
			isa = PBXGroup;
			children = (
				E449C1361BA003F700C3641D /* Info.plist */,
			);
			name = "Supporting Files";
			sourceTree = "<group>";
		};
		E4679F231BA0113300E35132 /* Thousands */ = {
			isa = PBXGroup;
			children = (
				E4679F241BA0113300E35132 /* Classes */,
				E4679F361BA0113300E35132 /* Resources */,
				E4679F381BA0113300E35132 /* Supporting Files */,
			);
			path = Thousands;
			sourceTree = "<group>";
		};
		E4679F241BA0113300E35132 /* Classes */ = {
			isa = PBXGroup;
			children = (
				E499D0C11BA7BBEC00719400 /* Public */,
				E4679F251BA0113300E35132 /* AppDelegate */,
				E4679F281BA0113300E35132 /* Controllers */,
				E4679F301BA0113300E35132 /* Models */,
				E4679F311BA0113300E35132 /* Parsers */,
				E4679F321BA0113300E35132 /* Requests */,
				E4679F331BA0113300E35132 /* Views */,
			);
			path = Classes;
			sourceTree = "<group>";
		};
		E4679F251BA0113300E35132 /* AppDelegate */ = {
			isa = PBXGroup;
			children = (
				E4679F261BA0113300E35132 /* AppDelegate.h */,
				E4679F271BA0113300E35132 /* AppDelegate.m */,
			);
			path = AppDelegate;
			sourceTree = "<group>";
		};
		E4679F281BA0113300E35132 /* Controllers */ = {
			isa = PBXGroup;
			children = (
				E4A5A6481BA7CD650008000F /* SDTableViewController */,
				E4679F291BA0113300E35132 /* ShowsTableViewController */,
			);
			path = Controllers;
			sourceTree = "<group>";
		};
		E4679F291BA0113300E35132 /* ShowsTableViewController */ = {
			isa = PBXGroup;
			children = (
				E4679F2A1BA0113300E35132 /* ShowsCell */,
				E4679F2D1BA0113300E35132 /* ShowsVC */,
			);
			path = ShowsTableViewController;
			sourceTree = "<group>";
		};
		E4679F2A1BA0113300E35132 /* ShowsCell */ = {
			isa = PBXGroup;
			children = (
				E4679F2B1BA0113300E35132 /* ShowsTableViewCell.h */,
				E4679F2C1BA0113300E35132 /* ShowsTableViewCell.m */,
			);
			path = ShowsCell;
			sourceTree = "<group>";
		};
		E4679F2D1BA0113300E35132 /* ShowsVC */ = {
			isa = PBXGroup;
			children = (
				E4679F2E1BA0113300E35132 /* ShowsTableViewController.h */,
				E4679F2F1BA0113300E35132 /* ShowsTableViewController.m */,
			);
			path = ShowsVC;
			sourceTree = "<group>";
		};
		E4679F301BA0113300E35132 /* Models */ = {
			isa = PBXGroup;
			children = (
			);
			path = Models;
			sourceTree = "<group>";
		};
		E4679F311BA0113300E35132 /* Parsers */ = {
			isa = PBXGroup;
			children = (
			);
			path = Parsers;
			sourceTree = "<group>";
		};
		E4679F321BA0113300E35132 /* Requests */ = {
			isa = PBXGroup;
			children = (
			);
			path = Requests;
			sourceTree = "<group>";
		};
		E4679F331BA0113300E35132 /* Views */ = {
			isa = PBXGroup;
			children = (
				E499D0C81BA7BC3100719400 /* SDPhotoBrowser.h */,
				E499D0C91BA7BC3100719400 /* SDPhotoBrowser.m */,
				E499D0CA1BA7BC3100719400 /* SDPhotoBrowserConfig.h */,
				E499D0CB1BA7BC3100719400 /* SDWaitingView.h */,
				E499D0CC1BA7BC3100719400 /* SDWaitingView.m */,
				E4679F341BA0113300E35132 /* ShowsTableViewCell.xib */,
				E4679F351BA0113300E35132 /* ShowsTableViewController.xib */,
			);
			path = Views;
			sourceTree = "<group>";
		};
		E4679F361BA0113300E35132 /* Resources */ = {
			isa = PBXGroup;
			children = (
				E4679F371BA0113300E35132 /* Images.xcassets */,
			);
			path = Resources;
			sourceTree = "<group>";
		};
		E4679F381BA0113300E35132 /* Supporting Files */ = {
			isa = PBXGroup;
			children = (
				E4679F391BA0113300E35132 /* Info.plist */,
				E4679F3A1BA0113300E35132 /* main.m */,
			);
			path = "Supporting Files";
			sourceTree = "<group>";
		};
		E499D0C11BA7BBEC00719400 /* Public */ = {
			isa = PBXGroup;
			children = (
				E42094B61BB0626400E13F96 /* SDPhoto */,
			);
			name = Public;
			path = Views;
			sourceTree = "<group>";
		};
		E499D0C51BA7BC3100719400 /* SDPhotoBrowser */ = {
			isa = PBXGroup;
			children = (
				E499D0C61BA7BC3100719400 /* SDBrowserImageView.h */,
				E499D0C71BA7BC3100719400 /* SDBrowserImageView.m */,
			);
			path = SDPhotoBrowser;
			sourceTree = "<group>";
		};
		E499D0D31BA7BC3100719400 /* SDWebImage */ = {
			isa = PBXGroup;
			children = (
				E499D0D41BA7BC3100719400 /* MKAnnotationView+WebCache.h */,
				E499D0D51BA7BC3100719400 /* MKAnnotationView+WebCache.m */,
				E499D0D61BA7BC3100719400 /* NSData+ImageContentType.h */,
				E499D0D71BA7BC3100719400 /* NSData+ImageContentType.m */,
				E499D0D81BA7BC3100719400 /* SDImageCache.h */,
				E499D0D91BA7BC3100719400 /* SDImageCache.m */,
				E499D0DA1BA7BC3100719400 /* SDWebImageCompat.h */,
				E499D0DB1BA7BC3100719400 /* SDWebImageCompat.m */,
				E499D0DC1BA7BC3100719400 /* SDWebImageDecoder.h */,
				E499D0DD1BA7BC3100719400 /* SDWebImageDecoder.m */,
				E499D0DE1BA7BC3100719400 /* SDWebImageDownloader.h */,
				E499D0DF1BA7BC3100719400 /* SDWebImageDownloader.m */,
				E499D0E01BA7BC3100719400 /* SDWebImageDownloaderOperation.h */,
				E499D0E11BA7BC3100719400 /* SDWebImageDownloaderOperation.m */,
				E499D0E21BA7BC3100719400 /* SDWebImageManager.h */,
				E499D0E31BA7BC3100719400 /* SDWebImageManager.m */,
				E499D0E41BA7BC3100719400 /* SDWebImageOperation.h */,
				E499D0E51BA7BC3100719400 /* SDWebImagePrefetcher.h */,
				E499D0E61BA7BC3100719400 /* SDWebImagePrefetcher.m */,
				E499D0E71BA7BC3100719400 /* UIButton+WebCache.h */,
				E499D0E81BA7BC3100719400 /* UIButton+WebCache.m */,
				E499D0E91BA7BC3100719400 /* UIImage+GIF.h */,
				E499D0EA1BA7BC3100719400 /* UIImage+GIF.m */,
				E499D0EB1BA7BC3100719400 /* UIImage+MultiFormat.h */,
				E499D0EC1BA7BC3100719400 /* UIImage+MultiFormat.m */,
				E499D0ED1BA7BC3100719400 /* UIImage+WebP.h */,
				E499D0EE1BA7BC3100719400 /* UIImage+WebP.m */,
				E499D0EF1BA7BC3100719400 /* UIImageView+HighlightedWebCache.h */,
				E499D0F01BA7BC3100719400 /* UIImageView+HighlightedWebCache.m */,
				E499D0F11BA7BC3100719400 /* UIImageView+WebCache.h */,
				E499D0F21BA7BC3100719400 /* UIImageView+WebCache.m */,
				E499D0F31BA7BC3100719400 /* UIView+WebCacheOperation.h */,
				E499D0F41BA7BC3100719400 /* UIView+WebCacheOperation.m */,
			);
			path = SDWebImage;
			sourceTree = "<group>";
		};
		E4A5A6471BA7CD230008000F /* SDPhotoGroup */ = {
			isa = PBXGroup;
			children = (
				E499D0CD1BA7BC3100719400 /* SDPhotoGroup.h */,
				E499D0CE1BA7BC3100719400 /* SDPhotoGroup.m */,
			);
			name = SDPhotoGroup;
			path = ../Controllers;
			sourceTree = "<group>";
		};
		E4A5A6481BA7CD650008000F /* SDTableViewController */ = {
			isa = PBXGroup;
			children = (
				E499D0D11BA7BC3100719400 /* SDTableViewController.h */,
				E499D0D21BA7BC3100719400 /* SDTableViewController.m */,
			);
			name = SDTableViewController;
			path = ../Views;
			sourceTree = "<group>";
		};
/* End PBXGroup section */

/* Begin PBXNativeTarget section */
		E449C1171BA003F700C3641D /* Thousands */ = {
			isa = PBXNativeTarget;
			buildConfigurationList = E449C13B1BA003F700C3641D /* Build configuration list for PBXNativeTarget "Thousands" */;
			buildPhases = (
				E449C1141BA003F700C3641D /* Sources */,
				E449C1151BA003F700C3641D /* Frameworks */,
				E449C1161BA003F700C3641D /* Resources */,
			);
			buildRules = (
			);
			dependencies = (
			);
			name = Thousands;
			productName = Thousands;
			productReference = E449C1181BA003F700C3641D /* Thousands.app */;
			productType = "com.apple.product-type.application";
		};
		E449C1301BA003F700C3641D /* ThousandsTests */ = {
			isa = PBXNativeTarget;
			buildConfigurationList = E449C13E1BA003F700C3641D /* Build configuration list for PBXNativeTarget "ThousandsTests" */;
			buildPhases = (
				E449C12D1BA003F700C3641D /* Sources */,
				E449C12E1BA003F700C3641D /* Frameworks */,
				E449C12F1BA003F700C3641D /* Resources */,
			);
			buildRules = (
			);
			dependencies = (
				E449C1331BA003F700C3641D /* PBXTargetDependency */,
			);
			name = ThousandsTests;
			productName = ThousandsTests;
			productReference = E449C1311BA003F700C3641D /* ThousandsTests.xctest */;
			productType = "com.apple.product-type.bundle.unit-test";
		};
/* End PBXNativeTarget section */

/* Begin PBXProject section */
		E449C1101BA003F700C3641D /* Project object */ = {
			isa = PBXProject;
			attributes = {
				LastUpgradeCheck = 0640;
				ORGANIZATIONNAME = S3Develop;
				TargetAttributes = {
					E449C1171BA003F700C3641D = {
						CreatedOnToolsVersion = 6.4;
					};
					E449C1301BA003F700C3641D = {
						CreatedOnToolsVersion = 6.4;
						TestTargetID = E449C1171BA003F700C3641D;
					};
				};
			};
			buildConfigurationList = E449C1131BA003F700C3641D /* Build configuration list for PBXProject "Thousands" */;
			compatibilityVersion = "Xcode 3.2";
			developmentRegion = English;
			hasScannedForEncodings = 0;
			knownRegions = (
				en,
				Base,
			);
			mainGroup = E449C10F1BA003F700C3641D;
			productRefGroup = E449C1191BA003F700C3641D /* Products */;
			projectDirPath = "";
			projectRoot = "";
			targets = (
				E449C1171BA003F700C3641D /* Thousands */,
				E449C1301BA003F700C3641D /* ThousandsTests */,
			);
		};
/* End PBXProject section */

/* Begin PBXResourcesBuildPhase section */
		E449C1161BA003F700C3641D /* Resources */ = {
			isa = PBXResourcesBuildPhase;
			buildActionMask = 2147483647;
			files = (
				E4679F401BA0113300E35132 /* Images.xcassets in Resources */,
				E4679F3F1BA0113300E35132 /* ShowsTableViewController.xib in Resources */,
				E4679F3E1BA0113300E35132 /* ShowsTableViewCell.xib in Resources */,
			);
			runOnlyForDeploymentPostprocessing = 0;
		};
		E449C12F1BA003F700C3641D /* Resources */ = {
			isa = PBXResourcesBuildPhase;
			buildActionMask = 2147483647;
			files = (
			);
			runOnlyForDeploymentPostprocessing = 0;
		};
/* End PBXResourcesBuildPhase section */

/* Begin PBXSourcesBuildPhase section */
		E449C1141BA003F700C3641D /* Sources */ = {
			isa = PBXSourcesBuildPhase;
			buildActionMask = 2147483647;
			files = (
				E499D0FC1BA7BC3100719400 /* SDTableViewController.m in Sources */,
				E499D0FB1BA7BC3100719400 /* SDPhotoItem.m in Sources */,
				E499D1091BA7BC3100719400 /* UIImage+WebP.m in Sources */,
				E499D0F81BA7BC3100719400 /* SDPhotoBrowser.m in Sources */,
				E499D1061BA7BC3100719400 /* UIButton+WebCache.m in Sources */,
				E499D1031BA7BC3100719400 /* SDWebImageDownloaderOperation.m in Sources */,
				E499D0FF1BA7BC3100719400 /* SDImageCache.m in Sources */,
				E499D0FE1BA7BC3100719400 /* NSData+ImageContentType.m in Sources */,
				E499D0F91BA7BC3100719400 /* SDWaitingView.m in Sources */,
				E499D1011BA7BC3100719400 /* SDWebImageDecoder.m in Sources */,
				E499D0FA1BA7BC3100719400 /* SDPhotoGroup.m in Sources */,
				E499D10A1BA7BC3100719400 /* UIImageView+HighlightedWebCache.m in Sources */,
				E4679F3D1BA0113300E35132 /* ShowsTableViewController.m in Sources */,
				E499D1021BA7BC3100719400 /* SDWebImageDownloader.m in Sources */,
				E499D1001BA7BC3100719400 /* SDWebImageCompat.m in Sources */,
				E4679F3C1BA0113300E35132 /* ShowsTableViewCell.m in Sources */,
				E499D1071BA7BC3100719400 /* UIImage+GIF.m in Sources */,
				E499D1081BA7BC3100719400 /* UIImage+MultiFormat.m in Sources */,
				E4679F421BA0113300E35132 /* main.m in Sources */,
				E499D1051BA7BC3100719400 /* SDWebImagePrefetcher.m in Sources */,
				E499D0F71BA7BC3100719400 /* SDBrowserImageView.m in Sources */,
				E499D0FD1BA7BC3100719400 /* MKAnnotationView+WebCache.m in Sources */,
				E499D10B1BA7BC3100719400 /* UIImageView+WebCache.m in Sources */,
				E499D10C1BA7BC3100719400 /* UIView+WebCacheOperation.m in Sources */,
				E499D1041BA7BC3100719400 /* SDWebImageManager.m in Sources */,
				E4679F3B1BA0113300E35132 /* AppDelegate.m in Sources */,
			);
			runOnlyForDeploymentPostprocessing = 0;
		};
		E449C12D1BA003F700C3641D /* Sources */ = {
			isa = PBXSourcesBuildPhase;
			buildActionMask = 2147483647;
			files = (
				E449C1381BA003F700C3641D /* ThousandsTests.m in Sources */,
			);
			runOnlyForDeploymentPostprocessing = 0;
		};
/* End PBXSourcesBuildPhase section */

/* Begin PBXTargetDependency section */
		E449C1331BA003F700C3641D /* PBXTargetDependency */ = {
			isa = PBXTargetDependency;
			target = E449C1171BA003F700C3641D /* Thousands */;
			targetProxy = E449C1321BA003F700C3641D /* PBXContainerItemProxy */;
		};
/* End PBXTargetDependency section */

/* Begin XCBuildConfiguration section */
		E449C1391BA003F700C3641D /* Debug */ = {
			isa = XCBuildConfiguration;
			buildSettings = {
				ALWAYS_SEARCH_USER_PATHS = NO;
				CLANG_CXX_LANGUAGE_STANDARD = "gnu++0x";
				CLANG_CXX_LIBRARY = "libc++";
				CLANG_ENABLE_MODULES = YES;
				CLANG_ENABLE_OBJC_ARC = YES;
				CLANG_WARN_BOOL_CONVERSION = YES;
				CLANG_WARN_CONSTANT_CONVERSION = YES;
				CLANG_WARN_DIRECT_OBJC_ISA_USAGE = YES_ERROR;
				CLANG_WARN_EMPTY_BODY = YES;
				CLANG_WARN_ENUM_CONVERSION = YES;
				CLANG_WARN_INT_CONVERSION = YES;
				CLANG_WARN_OBJC_ROOT_CLASS = YES_ERROR;
				CLANG_WARN_UNREACHABLE_CODE = YES;
				CLANG_WARN__DUPLICATE_METHOD_MATCH = YES;
				"CODE_SIGN_IDENTITY[sdk=iphoneos*]" = "iPhone Developer";
				COPY_PHASE_STRIP = NO;
				DEBUG_INFORMATION_FORMAT = "dwarf-with-dsym";
				ENABLE_STRICT_OBJC_MSGSEND = YES;
				GCC_C_LANGUAGE_STANDARD = gnu99;
				GCC_DYNAMIC_NO_PIC = NO;
				GCC_NO_COMMON_BLOCKS = YES;
				GCC_OPTIMIZATION_LEVEL = 0;
				GCC_PREPROCESSOR_DEFINITIONS = (
					"DEBUG=1",
					"$(inherited)",
				);
				GCC_SYMBOLS_PRIVATE_EXTERN = NO;
				GCC_WARN_64_TO_32_BIT_CONVERSION = YES;
				GCC_WARN_ABOUT_RETURN_TYPE = YES_ERROR;
				GCC_WARN_UNDECLARED_SELECTOR = YES;
				GCC_WARN_UNINITIALIZED_AUTOS = YES_AGGRESSIVE;
				GCC_WARN_UNUSED_FUNCTION = YES;
				GCC_WARN_UNUSED_VARIABLE = YES;
				IPHONEOS_DEPLOYMENT_TARGET = 7.0;
				MTL_ENABLE_DEBUG_INFO = YES;
				ONLY_ACTIVE_ARCH = YES;
				SDKROOT = iphoneos;
			};
			name = Debug;
		};
		E449C13A1BA003F700C3641D /* Release */ = {
			isa = XCBuildConfiguration;
			buildSettings = {
				ALWAYS_SEARCH_USER_PATHS = NO;
				CLANG_CXX_LANGUAGE_STANDARD = "gnu++0x";
				CLANG_CXX_LIBRARY = "libc++";
				CLANG_ENABLE_MODULES = YES;
				CLANG_ENABLE_OBJC_ARC = YES;
				CLANG_WARN_BOOL_CONVERSION = YES;
				CLANG_WARN_CONSTANT_CONVERSION = YES;
				CLANG_WARN_DIRECT_OBJC_ISA_USAGE = YES_ERROR;
				CLANG_WARN_EMPTY_BODY = YES;
				CLANG_WARN_ENUM_CONVERSION = YES;
				CLANG_WARN_INT_CONVERSION = YES;
				CLANG_WARN_OBJC_ROOT_CLASS = YES_ERROR;
				CLANG_WARN_UNREACHABLE_CODE = YES;
				CLANG_WARN__DUPLICATE_METHOD_MATCH = YES;
				"CODE_SIGN_IDENTITY[sdk=iphoneos*]" = "iPhone Developer";
				COPY_PHASE_STRIP = NO;
				DEBUG_INFORMATION_FORMAT = "dwarf-with-dsym";
				ENABLE_NS_ASSERTIONS = NO;
				ENABLE_STRICT_OBJC_MSGSEND = YES;
				GCC_C_LANGUAGE_STANDARD = gnu99;
				GCC_NO_COMMON_BLOCKS = YES;
				GCC_WARN_64_TO_32_BIT_CONVERSION = YES;
				GCC_WARN_ABOUT_RETURN_TYPE = YES_ERROR;
				GCC_WARN_UNDECLARED_SELECTOR = YES;
				GCC_WARN_UNINITIALIZED_AUTOS = YES_AGGRESSIVE;
				GCC_WARN_UNUSED_FUNCTION = YES;
				GCC_WARN_UNUSED_VARIABLE = YES;
				IPHONEOS_DEPLOYMENT_TARGET = 7.0;
				MTL_ENABLE_DEBUG_INFO = NO;
				SDKROOT = iphoneos;
				VALIDATE_PRODUCT = YES;
			};
			name = Release;
		};
		E449C13C1BA003F700C3641D /* Debug */ = {
			isa = XCBuildConfiguration;
			buildSettings = {
				ASSETCATALOG_COMPILER_APPICON_NAME = AppIcon;
				ASSETCATALOG_COMPILER_LAUNCHIMAGE_NAME = LaunchImage;
				INFOPLIST_FILE = "Thousands/Supporting Files/Info.plist";
				LD_RUNPATH_SEARCH_PATHS = "$(inherited) @executable_path/Frameworks";
				PRODUCT_NAME = "$(TARGET_NAME)";
			};
			name = Debug;
		};
		E449C13D1BA003F700C3641D /* Release */ = {
			isa = XCBuildConfiguration;
			buildSettings = {
				ASSETCATALOG_COMPILER_APPICON_NAME = AppIcon;
				ASSETCATALOG_COMPILER_LAUNCHIMAGE_NAME = LaunchImage;
				INFOPLIST_FILE = "Thousands/Supporting Files/Info.plist";
				LD_RUNPATH_SEARCH_PATHS = "$(inherited) @executable_path/Frameworks";
				PRODUCT_NAME = "$(TARGET_NAME)";
			};
			name = Release;
		};
		E449C13F1BA003F700C3641D /* Debug */ = {
			isa = XCBuildConfiguration;
			buildSettings = {
				BUNDLE_LOADER = "$(TEST_HOST)";
				FRAMEWORK_SEARCH_PATHS = (
					"$(SDKROOT)/Developer/Library/Frameworks",
					"$(inherited)",
				);
				GCC_PREPROCESSOR_DEFINITIONS = (
					"DEBUG=1",
					"$(inherited)",
				);
				INFOPLIST_FILE = ThousandsTests/Info.plist;
				LD_RUNPATH_SEARCH_PATHS = "$(inherited) @executable_path/Frameworks @loader_path/Frameworks";
				PRODUCT_NAME = "$(TARGET_NAME)";
				TEST_HOST = "$(BUILT_PRODUCTS_DIR)/Thousands.app/Thousands";
			};
			name = Debug;
		};
		E449C1401BA003F700C3641D /* Release */ = {
			isa = XCBuildConfiguration;
			buildSettings = {
				BUNDLE_LOADER = "$(TEST_HOST)";
				FRAMEWORK_SEARCH_PATHS = (
					"$(SDKROOT)/Developer/Library/Frameworks",
					"$(inherited)",
				);
				INFOPLIST_FILE = ThousandsTests/Info.plist;
				LD_RUNPATH_SEARCH_PATHS = "$(inherited) @executable_path/Frameworks @loader_path/Frameworks";
				PRODUCT_NAME = "$(TARGET_NAME)";
				TEST_HOST = "$(BUILT_PRODUCTS_DIR)/Thousands.app/Thousands";
			};
			name = Release;
		};
/* End XCBuildConfiguration section */

/* Begin XCConfigurationList section */
		E449C1131BA003F700C3641D /* Build configuration list for PBXProject "Thousands" */ = {
			isa = XCConfigurationList;
			buildConfigurations = (
				E449C1391BA003F700C3641D /* Debug */,
				E449C13A1BA003F700C3641D /* Release */,
			);
			defaultConfigurationIsVisible = 0;
			defaultConfigurationName = Release;
		};
		E449C13B1BA003F700C3641D /* Build configuration list for PBXNativeTarget "Thousands" */ = {
			isa = XCConfigurationList;
			buildConfigurations = (
				E449C13C1BA003F700C3641D /* Debug */,
				E449C13D1BA003F700C3641D /* Release */,
			);
			defaultConfigurationIsVisible = 0;
			defaultConfigurationName = Release;
		};
		E449C13E1BA003F700C3641D /* Build configuration list for PBXNativeTarget "ThousandsTests" */ = {
			isa = XCConfigurationList;
			buildConfigurations = (
				E449C13F1BA003F700C3641D /* Debug */,
				E449C1401BA003F700C3641D /* Release */,
			);
			defaultConfigurationIsVisible = 0;
			defaultConfigurationName = Release;
		};
/* End XCConfigurationList section */
	};
	rootObject = E449C1101BA003F700C3641D /* Project object */;
}
